
Microsoft Visual Studio Solution File, Format Version 12.00
# Visual Studio Version 17
VisualStudioVersion = 17.3.32811.315
MinimumVisualStudioVersion = 10.0.40219.1
Project("{FAE04EC0-301F-11D3-BF4B-00C04F79EFBC}") = "Pexeso", "Pexeso\Pexeso.csproj", "{D2790BE3-B50D-47AE-BC85-70D0BED6342D}"
EndProject
Global
	GlobalSection(SolutionConfigurationPlatforms) = preSolution
		Debug|Any CPU = Debug|Any CPU
		Release|Any CPU = Release|Any CPU
	EndGlobalSection
	GlobalSection(ProjectConfigurationPlatforms) = postSolution
		{D2790BE3-B50D-47AE-BC85-70D0BED6342D}.Debug|Any CPU.ActiveCfg = Debug|Any CPU
		{D2790BE3-B50D-47AE-BC85-70D0BED6342D}.Debug|Any CPU.Build.0 = Debug|Any CPU
		{D2790BE3-B50D-47AE-BC85-70D0BED6342D}.Release|Any CPU.ActiveCfg = Release|Any CPU
		{D2790BE3-B50D-47AE-BC85-70D0BED6342D}.Release|Any CPU.Build.0 = Release|Any CPU
	EndGlobalSection
	GlobalSection(SolutionProperties) = preSolution
		HideSolutionNode = FALSE
	EndGlobalSection
	GlobalSection(ExtensibilityGlobals) = postSolution
		SolutionGuid = {0DD3CE4D-FF93-4DD9-9B08-82923C78F214}
	EndGlobalSection
EndGlobal
